
Microsoft Visual Studio Solution File, Format Version 12.00
# Visual Studio Version 16
VisualStudioVersion = 16.0.29613.14
MinimumVisualStudioVersion = 10.0.40219.1
Project("{8BC9CEB8-8B4A-11D0-8D11-00A0C91BC942}") = "BaekJoon_2557", "BaekJoon_2557.vcxproj", "{47001955-65D0-4661-AEA9-35D144CEFD49}"
EndProject
Global
	GlobalSection(SolutionConfigurationPlatforms) = preSolution
		Debug|x64 = Debug|x64
		Debug|x86 = Debug|x86
		Release|x64 = Release|x64
		Release|x86 = Release|x86
	EndGlobalSection
	GlobalSection(ProjectConfigurationPlatforms) = postSolution
		{47001955-65D0-4661-AEA9-35D144CEFD49}.Debug|x64.ActiveCfg = Debug|x64
		{47001955-65D0-4661-AEA9-35D144CEFD49}.Debug|x64.Build.0 = Debug|x64
		{47001955-65D0-4661-AEA9-35D144CEFD49}.Debug|x86.ActiveCfg = Debug|Win32
		{47001955-65D0-4661-AEA9-35D144CEFD49}.Debug|x86.Build.0 = Debug|Win32
		{47001955-65D0-4661-AEA9-35D144CEFD49}.Release|x64.ActiveCfg = Release|x64
		{47001955-65D0-4661-AEA9-35D144CEFD49}.Release|x64.Build.0 = Release|x64
		{47001955-65D0-4661-AEA9-35D144CEFD49}.Release|x86.ActiveCfg = Release|Win32
		{47001955-65D0-4661-AEA9-35D144CEFD49}.Release|x86.Build.0 = Release|Win32
	EndGlobalSection
	GlobalSection(SolutionProperties) = preSolution
		HideSolutionNode = FALSE
	EndGlobalSection
	GlobalSection(ExtensibilityGlobals) = postSolution
		SolutionGuid = {0E3E1C66-574E-4851-A1AE-CBEC9700AC6A}
	EndGlobalSection
EndGlobal
